// !$*UTF8*$!
{
	archiveVersion = 1;
	classes = {
	};
	objectVersion = 46;
	objects = {

/* Begin PBXBuildFile section */
		9DA89D99196405F400C07E5E /* Foundation.framework in Frameworks */ = {isa = PBXBuildFile; fileRef = 9DA89D98196405F400C07E5E /* Foundation.framework */; };
		9DA89D9B196405F400C07E5E /* CoreGraphics.framework in Frameworks */ = {isa = PBXBuildFile; fileRef = 9DA89D9A196405F400C07E5E /* CoreGraphics.framework */; };
		9DA89D9D196405F400C07E5E /* UIKit.framework in Frameworks */ = {isa = PBXBuildFile; fileRef = 9DA89D9C196405F400C07E5E /* UIKit.framework */; };
		9DA89DA3196405F400C07E5E /* InfoPlist.strings in Resources */ = {isa = PBXBuildFile; fileRef = 9DA89DA1196405F400C07E5E /* InfoPlist.strings */; };
		9DA89DA5196405F400C07E5E /* main.m in Sources */ = {isa = PBXBuildFile; fileRef = 9DA89DA4196405F400C07E5E /* main.m */; settings = {COMPILER_FLAGS = "-fno-objc-arc"; }; };
		9DA89DA9196405F400C07E5E /* AppDelegate.m in Sources */ = {isa = PBXBuildFile; fileRef = 9DA89DA8196405F400C07E5E /* AppDelegate.m */; settings = {COMPILER_FLAGS = "-fno-objc-arc"; }; };
		9DA89DAB196405F400C07E5E /* Images.xcassets in Resources */ = {isa = PBXBuildFile; fileRef = 9DA89DAA196405F400C07E5E /* Images.xcassets */; };
		9DA89DB2196405F400C07E5E /* XCTest.framework in Frameworks */ = {isa = PBXBuildFile; fileRef = 9DA89DB1196405F400C07E5E /* XCTest.framework */; };
		9DA89DB3196405F400C07E5E /* Foundation.framework in Frameworks */ = {isa = PBXBuildFile; fileRef = 9DA89D98196405F400C07E5E /* Foundation.framework */; };
		9DA89DB4196405F400C07E5E /* UIKit.framework in Frameworks */ = {isa = PBXBuildFile; fileRef = 9DA89D9C196405F400C07E5E /* UIKit.framework */; };
		9DA89DBC196405F400C07E5E /* InfoPlist.strings in Resources */ = {isa = PBXBuildFile; fileRef = 9DA89DBA196405F400C07E5E /* InfoPlist.strings */; };
		9DA89DBE196405F400C07E5E /* UniteeTests.m in Sources */ = {isa = PBXBuildFile; fileRef = 9DA89DBD196405F400C07E5E /* UniteeTests.m */; };
		9DA89DD91964060F00C07E5E /* calendar_cancel.png in Resources */ = {isa = PBXBuildFile; fileRef = 9DA89DC71964060F00C07E5E /* calendar_cancel.png */; };
		9DA89DDA1964060F00C07E5E /* DownAccessory@2x.png in Resources */ = {isa = PBXBuildFile; fileRef = 9DA89DC81964060F00C07E5E /* DownAccessory@2x.png */; };
		9DA89DDB1964060F00C07E5E /* DownAccessory.png in Resources */ = {isa = PBXBuildFile; fileRef = 9DA89DC91964060F00C07E5E /* DownAccessory.png */; };
		9DA89DDC1964060F00C07E5E /* UpAccessory@2x.png in Resources */ = {isa = PBXBuildFile; fileRef = 9DA89DCA1964060F00C07E5E /* UpAccessory@2x.png */; };
		9DA89DDD1964060F00C07E5E /* UpAccessory.png in Resources */ = {isa = PBXBuildFile; fileRef = 9DA89DCB1964060F00C07E5E /* UpAccessory.png */; };
		9DA89DDE1964060F00C07E5E /* background.png in Resources */ = {isa = PBXBuildFile; fileRef = 9DA89DCC1964060F00C07E5E /* background.png */; };
		9DA89E001964065700C07E5E /* segment_selected_new.png in Resources */ = {isa = PBXBuildFile; fileRef = 9DA89DEE1964065700C07E5E /* segment_selected_new.png */; };
		9DA89E011964065700C07E5E /* segment_selected_new@2x.png in Resources */ = {isa = PBXBuildFile; fileRef = 9DA89DEF1964065700C07E5E /* segment_selected_new@2x.png */; };
		9DA89E021964065700C07E5E /* segment_selected-grip.png in Resources */ = {isa = PBXBuildFile; fileRef = 9DA89DF01964065700C07E5E /* segment_selected-grip.png */; };
		9DA89E031964065700C07E5E /* segment_selected-grip@2x.png in Resources */ = {isa = PBXBuildFile; fileRef = 9DA89DF11964065700C07E5E /* segment_selected-grip@2x.png */; };
		9DA89E041964065700C07E5E /* segment_Unselected-grip.png in Resources */ = {isa = PBXBuildFile; fileRef = 9DA89DF21964065700C07E5E /* segment_Unselected-grip.png */; };
		9DA89E051964065700C07E5E /* segment_Unselected-grip@2x.png in Resources */ = {isa = PBXBuildFile; fileRef = 9DA89DF31964065700C07E5E /* segment_Unselected-grip@2x.png */; };
		9DA89E061964065700C07E5E /* segment_left_item.png in Resources */ = {isa = PBXBuildFile; fileRef = 9DA89DF41964065700C07E5E /* segment_left_item.png */; };
		9DA89E071964065700C07E5E /* segment_left_item@2x.png in Resources */ = {isa = PBXBuildFile; fileRef = 9DA89DF51964065700C07E5E /* segment_left_item@2x.png */; };
		9DA89E081964065700C07E5E /* segment_left_tag.png in Resources */ = {isa = PBXBuildFile; fileRef = 9DA89DF61964065700C07E5E /* segment_left_tag.png */; };
		9DA89E091964065700C07E5E /* segment_left_tag@2x.png in Resources */ = {isa = PBXBuildFile; fileRef = 9DA89DF71964065700C07E5E /* segment_left_tag@2x.png */; };
		9DA89E0A1964065700C07E5E /* segment_middle_item.png in Resources */ = {isa = PBXBuildFile; fileRef = 9DA89DF81964065700C07E5E /* segment_middle_item.png */; };
		9DA89E0B1964065700C07E5E /* segment_middle_item@2x.png in Resources */ = {isa = PBXBuildFile; fileRef = 9DA89DF91964065700C07E5E /* segment_middle_item@2x.png */; };
		9DA89E0C1964065700C07E5E /* segment_right_item.png in Resources */ = {isa = PBXBuildFile; fileRef = 9DA89DFA1964065700C07E5E /* segment_right_item.png */; };
		9DA89E0D1964065700C07E5E /* segment_right_item@2x.png in Resources */ = {isa = PBXBuildFile; fileRef = 9DA89DFB1964065700C07E5E /* segment_right_item@2x.png */; };
		9DA89E0E1964065700C07E5E /* segment_right_tag.png in Resources */ = {isa = PBXBuildFile; fileRef = 9DA89DFC1964065700C07E5E /* segment_right_tag.png */; };
		9DA89E0F1964065700C07E5E /* segment_right_tag@2x.png in Resources */ = {isa = PBXBuildFile; fileRef = 9DA89DFD1964065700C07E5E /* segment_right_tag@2x.png */; };
		9DA89E101964065700C07E5E /* segment_selected.png in Resources */ = {isa = PBXBuildFile; fileRef = 9DA89DFE1964065700C07E5E /* segment_selected.png */; };
		9DA89E111964065700C07E5E /* segment_selected@2x.png in Resources */ = {isa = PBXBuildFile; fileRef = 9DA89DFF1964065700C07E5E /* segment_selected@2x.png */; };
		9DA89E151964067500C07E5E /* citydict.plist in Resources */ = {isa = PBXBuildFile; fileRef = 9DA89E131964067500C07E5E /* citydict.plist */; };
		9DA89E191964068C00C07E5E /* Unite.m in Sources */ = {isa = PBXBuildFile; fileRef = 9DA89E181964068C00C07E5E /* Unite.m */; settings = {COMPILER_FLAGS = "-fno-objc-arc"; }; };
		9DA89E1D196406AD00C07E5E /* HouDataSource.m in Sources */ = {isa = PBXBuildFile; fileRef = 9DA89E1C196406AD00C07E5E /* HouDataSource.m */; settings = {COMPILER_FLAGS = "-fno-objc-arc"; }; };
		9DA89E251964070100C07E5E /* BDHClassFunction.m in Sources */ = {isa = PBXBuildFile; fileRef = 9DA89E1F1964070100C07E5E /* BDHClassFunction.m */; settings = {COMPILER_FLAGS = "-fno-objc-arc"; }; };
		9DA89E261964070100C07E5E /* DemoViewController.m in Sources */ = {isa = PBXBuildFile; fileRef = 9DA89E211964070100C07E5E /* DemoViewController.m */; settings = {COMPILER_FLAGS = "-fno-objc-arc"; }; };
		9DA89E271964070100C07E5E /* DefaultViewController.m in Sources */ = {isa = PBXBuildFile; fileRef = 9DA89E231964070100C07E5E /* DefaultViewController.m */; settings = {COMPILER_FLAGS = "-fno-objc-arc"; }; };
		9DA89E281964070100C07E5E /* DefaultViewController.xib in Resources */ = {isa = PBXBuildFile; fileRef = 9DA89E241964070100C07E5E /* DefaultViewController.xib */; };
		9DA89E2C1964078800C07E5E /* HSYNavigationController.m in Sources */ = {isa = PBXBuildFile; fileRef = 9DA89E2B1964078800C07E5E /* HSYNavigationController.m */; settings = {COMPILER_FLAGS = "-fno-objc-arc"; }; };
		9DA89E2E1964080200C07E5E /* CoreText.framework in Frameworks */ = {isa = PBXBuildFile; fileRef = 9DA89E2D1964080200C07E5E /* CoreText.framework */; };
		9DA89E301964080B00C07E5E /* QuartzCore.framework in Frameworks */ = {isa = PBXBuildFile; fileRef = 9DA89E2F1964080B00C07E5E /* QuartzCore.framework */; };
		9DA89E321964081300C07E5E /* Security.framework in Frameworks */ = {isa = PBXBuildFile; fileRef = 9DA89E311964081300C07E5E /* Security.framework */; };
		9DA89E341964082000C07E5E /* MobileCoreServices.framework in Frameworks */ = {isa = PBXBuildFile; fileRef = 9DA89E331964082000C07E5E /* MobileCoreServices.framework */; };
		9DA89E361964082500C07E5E /* CFNetwork.framework in Frameworks */ = {isa = PBXBuildFile; fileRef = 9DA89E351964082500C07E5E /* CFNetwork.framework */; };
		9DA89E381964083500C07E5E /* libz.dylib in Frameworks */ = {isa = PBXBuildFile; fileRef = 9DA89E371964083500C07E5E /* libz.dylib */; };
		9DA89E3A1964083F00C07E5E /* SystemConfiguration.framework in Frameworks */ = {isa = PBXBuildFile; fileRef = 9DA89E391964083F00C07E5E /* SystemConfiguration.framework */; };
		9DA89E3F1964093000C07E5E /* GTMBase64.m in Sources */ = {isa = PBXBuildFile; fileRef = 9DA89E3D1964093000C07E5E /* GTMBase64.m */; settings = {COMPILER_FLAGS = "-fno-objc-arc"; }; };
		9DA89E40196409EA00C07E5E /* DropDownListView.m in Sources */ = {isa = PBXBuildFile; fileRef = 9DA89DEA1964063900C07E5E /* DropDownListView.m */; };
/* End PBXBuildFile section */

/* Begin PBXContainerItemProxy section */
		9DA89DB5196405F400C07E5E /* PBXContainerItemProxy */ = {
			isa = PBXContainerItemProxy;
			containerPortal = 9DA89D8D196405F400C07E5E /* Project object */;
			proxyType = 1;
			remoteGlobalIDString = 9DA89D94196405F400C07E5E;
			remoteInfo = Unitee;
		};
/* End PBXContainerItemProxy section */

/* Begin PBXFileReference section */
		9DA89D95196405F400C07E5E /* Unitee.app */ = {isa = PBXFileReference; explicitFileType = wrapper.application; includeInIndex = 0; path = Unitee.app; sourceTree = BUILT_PRODUCTS_DIR; };
		9DA89D98196405F400C07E5E /* Foundation.framework */ = {isa = PBXFileReference; lastKnownFileType = wrapper.framework; name = Foundation.framework; path = System/Library/Frameworks/Foundation.framework; sourceTree = SDKROOT; };
		9DA89D9A196405F400C07E5E /* CoreGraphics.framework */ = {isa = PBXFileReference; lastKnownFileType = wrapper.framework; name = CoreGraphics.framework; path = System/Library/Frameworks/CoreGraphics.framework; sourceTree = SDKROOT; };
		9DA89D9C196405F400C07E5E /* UIKit.framework */ = {isa = PBXFileReference; lastKnownFileType = wrapper.framework; name = UIKit.framework; path = System/Library/Frameworks/UIKit.framework; sourceTree = SDKROOT; };
		9DA89DA0196405F400C07E5E /* Unitee-Info.plist */ = {isa = PBXFileReference; lastKnownFileType = text.plist.xml; path = "Unitee-Info.plist"; sourceTree = "<group>"; };
		9DA89DA2196405F400C07E5E /* en */ = {isa = PBXFileReference; lastKnownFileType = text.plist.strings; name = en; path = en.lproj/InfoPlist.strings; sourceTree = "<group>"; };
		9DA89DA4196405F400C07E5E /* main.m */ = {isa = PBXFileReference; lastKnownFileType = sourcecode.c.objc; path = main.m; sourceTree = "<group>"; };
		9DA89DA6196405F400C07E5E /* Unitee-Prefix.pch */ = {isa = PBXFileReference; lastKnownFileType = sourcecode.c.h; path = "Unitee-Prefix.pch"; sourceTree = "<group>"; };
		9DA89DA7196405F400C07E5E /* AppDelegate.h */ = {isa = PBXFileReference; lastKnownFileType = sourcecode.c.h; path = AppDelegate.h; sourceTree = "<group>"; };
		9DA89DA8196405F400C07E5E /* AppDelegate.m */ = {isa = PBXFileReference; lastKnownFileType = sourcecode.c.objc; path = AppDelegate.m; sourceTree = "<group>"; };
		9DA89DAA196405F400C07E5E /* Images.xcassets */ = {isa = PBXFileReference; lastKnownFileType = folder.assetcatalog; path = Images.xcassets; sourceTree = "<group>"; };
		9DA89DB0196405F400C07E5E /* UniteeTests.xctest */ = {isa = PBXFileReference; explicitFileType = wrapper.cfbundle; includeInIndex = 0; path = UniteeTests.xctest; sourceTree = BUILT_PRODUCTS_DIR; };
		9DA89DB1196405F400C07E5E /* XCTest.framework */ = {isa = PBXFileReference; lastKnownFileType = wrapper.framework; name = XCTest.framework; path = Library/Frameworks/XCTest.framework; sourceTree = DEVELOPER_DIR; };
		9DA89DB9196405F400C07E5E /* UniteeTests-Info.plist */ = {isa = PBXFileReference; lastKnownFileType = text.plist.xml; path = "UniteeTests-Info.plist"; sourceTree = "<group>"; };
		9DA89DBB196405F400C07E5E /* en */ = {isa = PBXFileReference; lastKnownFileType = text.plist.strings; name = en; path = en.lproj/InfoPlist.strings; sourceTree = "<group>"; };
		9DA89DBD196405F400C07E5E /* UniteeTests.m */ = {isa = PBXFileReference; lastKnownFileType = sourcecode.c.objc; path = UniteeTests.m; sourceTree = "<group>"; };
		9DA89DC71964060F00C07E5E /* calendar_cancel.png */ = {isa = PBXFileReference; lastKnownFileType = image.png; path = calendar_cancel.png; sourceTree = "<group>"; };
		9DA89DC81964060F00C07E5E /* DownAccessory@2x.png */ = {isa = PBXFileReference; lastKnownFileType = image.png; path = "DownAccessory@2x.png"; sourceTree = "<group>"; };
		9DA89DC91964060F00C07E5E /* DownAccessory.png */ = {isa = PBXFileReference; lastKnownFileType = image.png; path = DownAccessory.png; sourceTree = "<group>"; };
		9DA89DCA1964060F00C07E5E /* UpAccessory@2x.png */ = {isa = PBXFileReference; lastKnownFileType = image.png; path = "UpAccessory@2x.png"; sourceTree = "<group>"; };
		9DA89DCB1964060F00C07E5E /* UpAccessory.png */ = {isa = PBXFileReference; lastKnownFileType = image.png; path = UpAccessory.png; sourceTree = "<group>"; };
		9DA89DCC1964060F00C07E5E /* background.png */ = {isa = PBXFileReference; lastKnownFileType = image.png; path = background.png; sourceTree = "<group>"; };
		9DA89DE91964063900C07E5E /* DropDownListView.h */ = {isa = PBXFileReference; fileEncoding = 4; lastKnownFileType = sourcecode.c.h; path = DropDownListView.h; sourceTree = "<group>"; };
		9DA89DEA1964063900C07E5E /* DropDownListView.m */ = {isa = PBXFileReference; fileEncoding = 4; lastKnownFileType = sourcecode.c.objc; path = DropDownListView.m; sourceTree = "<group>"; };
		9DA89DEB1964063900C07E5E /* DropDownChooseProtocol.h */ = {isa = PBXFileReference; fileEncoding = 4; lastKnownFileType = sourcecode.c.h; path = DropDownChooseProtocol.h; sourceTree = "<group>"; };
		9DA89DEE1964065700C07E5E /* segment_selected_new.png */ = {isa = PBXFileReference; lastKnownFileType = image.png; path = segment_selected_new.png; sourceTree = "<group>"; };
		9DA89DEF1964065700C07E5E /* segment_selected_new@2x.png */ = {isa = PBXFileReference; lastKnownFileType = image.png; path = "segment_selected_new@2x.png"; sourceTree = "<group>"; };
		9DA89DF01964065700C07E5E /* segment_selected-grip.png */ = {isa = PBXFileReference; lastKnownFileType = image.png; path = "segment_selected-grip.png"; sourceTree = "<group>"; };
		9DA89DF11964065700C07E5E /* segment_selected-grip@2x.png */ = {isa = PBXFileReference; lastKnownFileType = image.png; path = "segment_selected-grip@2x.png"; sourceTree = "<group>"; };
		9DA89DF21964065700C07E5E /* segment_Unselected-grip.png */ = {isa = PBXFileReference; lastKnownFileType = image.png; path = "segment_Unselected-grip.png"; sourceTree = "<group>"; };
		9DA89DF31964065700C07E5E /* segment_Unselected-grip@2x.png */ = {isa = PBXFileReference; lastKnownFileType = image.png; path = "segment_Unselected-grip@2x.png"; sourceTree = "<group>"; };
		9DA89DF41964065700C07E5E /* segment_left_item.png */ = {isa = PBXFileReference; lastKnownFileType = image.png; path = segment_left_item.png; sourceTree = "<group>"; };
		9DA89DF51964065700C07E5E /* segment_left_item@2x.png */ = {isa = PBXFileReference; lastKnownFileType = image.png; path = "segment_left_item@2x.png"; sourceTree = "<group>"; };
		9DA89DF61964065700C07E5E /* segment_left_tag.png */ = {isa = PBXFileReference; lastKnownFileType = image.png; path = segment_left_tag.png; sourceTree = "<group>"; };
		9DA89DF71964065700C07E5E /* segment_left_tag@2x.png */ = {isa = PBXFileReference; lastKnownFileType = image.png; path = "segment_left_tag@2x.png"; sourceTree = "<group>"; };
		9DA89DF81964065700C07E5E /* segment_middle_item.png */ = {isa = PBXFileReference; lastKnownFileType = image.png; path = segment_middle_item.png; sourceTree = "<group>"; };
		9DA89DF91964065700C07E5E /* segment_middle_item@2x.png */ = {isa = PBXFileReference; lastKnownFileType = image.png; path = "segment_middle_item@2x.png"; sourceTree = "<group>"; };
		9DA89DFA1964065700C07E5E /* segment_right_item.png */ = {isa = PBXFileReference; lastKnownFileType = image.png; path = segment_right_item.png; sourceTree = "<group>"; };
		9DA89DFB1964065700C07E5E /* segment_right_item@2x.png */ = {isa = PBXFileReference; lastKnownFileType = image.png; path = "segment_right_item@2x.png"; sourceTree = "<group>"; };
		9DA89DFC1964065700C07E5E /* segment_right_tag.png */ = {isa = PBXFileReference; lastKnownFileType = image.png; path = segment_right_tag.png; sourceTree = "<group>"; };
		9DA89DFD1964065700C07E5E /* segment_right_tag@2x.png */ = {isa = PBXFileReference; lastKnownFileType = image.png; path = "segment_right_tag@2x.png"; sourceTree = "<group>"; };
		9DA89DFE1964065700C07E5E /* segment_selected.png */ = {isa = PBXFileReference; lastKnownFileType = image.png; path = segment_selected.png; sourceTree = "<group>"; };
		9DA89DFF1964065700C07E5E /* segment_selected@2x.png */ = {isa = PBXFileReference; lastKnownFileType = image.png; path = "segment_selected@2x.png"; sourceTree = "<group>"; };
		9DA89E131964067500C07E5E /* citydict.plist */ = {isa = PBXFileReference; fileEncoding = 4; lastKnownFileType = text.plist.xml; path = citydict.plist; sourceTree = "<group>"; };
		9DA89E141964067500C07E5E /* City.h */ = {isa = PBXFileReference; fileEncoding = 4; lastKnownFileType = sourcecode.c.h; path = City.h; sourceTree = "<group>"; };
		9DA89E171964068C00C07E5E /* Unite.h */ = {isa = PBXFileReference; fileEncoding = 4; lastKnownFileType = sourcecode.c.h; path = Unite.h; sourceTree = "<group>"; };
		9DA89E181964068C00C07E5E /* Unite.m */ = {isa = PBXFileReference; fileEncoding = 4; lastKnownFileType = sourcecode.c.objc; path = Unite.m; sourceTree = "<group>"; };
		9DA89E1B196406AD00C07E5E /* HouDataSource.h */ = {isa = PBXFileReference; fileEncoding = 4; lastKnownFileType = sourcecode.c.h; path = HouDataSource.h; sourceTree = "<group>"; };
		9DA89E1C196406AD00C07E5E /* HouDataSource.m */ = {isa = PBXFileReference; fileEncoding = 4; lastKnownFileType = sourcecode.c.objc; path = HouDataSource.m; sourceTree = "<group>"; };
		9DA89E1E1964070100C07E5E /* BDHClassFunction.h */ = {isa = PBXFileReference; fileEncoding = 4; lastKnownFileType = sourcecode.c.h; path = BDHClassFunction.h; sourceTree = "<group>"; };
		9DA89E1F1964070100C07E5E /* BDHClassFunction.m */ = {isa = PBXFileReference; fileEncoding = 4; lastKnownFileType = sourcecode.c.objc; path = BDHClassFunction.m; sourceTree = "<group>"; };
		9DA89E201964070100C07E5E /* DemoViewController.h */ = {isa = PBXFileReference; fileEncoding = 4; lastKnownFileType = sourcecode.c.h; path = DemoViewController.h; sourceTree = "<group>"; };
		9DA89E211964070100C07E5E /* DemoViewController.m */ = {isa = PBXFileReference; fileEncoding = 4; lastKnownFileType = sourcecode.c.objc; path = DemoViewController.m; sourceTree = "<group>"; };
		9DA89E221964070100C07E5E /* DefaultViewController.h */ = {isa = PBXFileReference; fileEncoding = 4; lastKnownFileType = sourcecode.c.h; path = DefaultViewController.h; sourceTree = "<group>"; };
		9DA89E231964070100C07E5E /* DefaultViewController.m */ = {isa = PBXFileReference; fileEncoding = 4; lastKnownFileType = sourcecode.c.objc; path = DefaultViewController.m; sourceTree = "<group>"; };
		9DA89E241964070100C07E5E /* DefaultViewController.xib */ = {isa = PBXFileReference; fileEncoding = 4; lastKnownFileType = file.xib; path = DefaultViewController.xib; sourceTree = "<group>"; };
		9DA89E2A1964078800C07E5E /* HSYNavigationController.h */ = {isa = PBXFileReference; fileEncoding = 4; lastKnownFileType = sourcecode.c.h; path = HSYNavigationController.h; sourceTree = "<group>"; };
		9DA89E2B1964078800C07E5E /* HSYNavigationController.m */ = {isa = PBXFileReference; fileEncoding = 4; lastKnownFileType = sourcecode.c.objc; path = HSYNavigationController.m; sourceTree = "<group>"; };
		9DA89E2D1964080200C07E5E /* CoreText.framework */ = {isa = PBXFileReference; lastKnownFileType = wrapper.framework; name = CoreText.framework; path = System/Library/Frameworks/CoreText.framework; sourceTree = SDKROOT; };
		9DA89E2F1964080B00C07E5E /* QuartzCore.framework */ = {isa = PBXFileReference; lastKnownFileType = wrapper.framework; name = QuartzCore.framework; path = System/Library/Frameworks/QuartzCore.framework; sourceTree = SDKROOT; };
		9DA89E311964081300C07E5E /* Security.framework */ = {isa = PBXFileReference; lastKnownFileType = wrapper.framework; name = Security.framework; path = System/Library/Frameworks/Security.framework; sourceTree = SDKROOT; };
		9DA89E331964082000C07E5E /* MobileCoreServices.framework */ = {isa = PBXFileReference; lastKnownFileType = wrapper.framework; name = MobileCoreServices.framework; path = System/Library/Frameworks/MobileCoreServices.framework; sourceTree = SDKROOT; };
		9DA89E351964082500C07E5E /* CFNetwork.framework */ = {isa = PBXFileReference; lastKnownFileType = wrapper.framework; name = CFNetwork.framework; path = System/Library/Frameworks/CFNetwork.framework; sourceTree = SDKROOT; };
		9DA89E371964083500C07E5E /* libz.dylib */ = {isa = PBXFileReference; lastKnownFileType = "compiled.mach-o.dylib"; name = libz.dylib; path = usr/lib/libz.dylib; sourceTree = SDKROOT; };
		9DA89E391964083F00C07E5E /* SystemConfiguration.framework */ = {isa = PBXFileReference; lastKnownFileType = wrapper.framework; name = SystemConfiguration.framework; path = System/Library/Frameworks/SystemConfiguration.framework; sourceTree = SDKROOT; };
		9DA89E3C1964093000C07E5E /* GTMBase64.h */ = {isa = PBXFileReference; fileEncoding = 4; lastKnownFileType = sourcecode.c.h; path = GTMBase64.h; sourceTree = "<group>"; };
		9DA89E3D1964093000C07E5E /* GTMBase64.m */ = {isa = PBXFileReference; fileEncoding = 4; lastKnownFileType = sourcecode.c.objc; path = GTMBase64.m; sourceTree = "<group>"; };
		9DA89E3E1964093000C07E5E /* GTMDefines.h */ = {isa = PBXFileReference; fileEncoding = 4; lastKnownFileType = sourcecode.c.h; path = GTMDefines.h; sourceTree = "<group>"; };
/* End PBXFileReference section */

/* Begin PBXFrameworksBuildPhase section */
		9DA89D92196405F400C07E5E /* Frameworks */ = {
			isa = PBXFrameworksBuildPhase;
			buildActionMask = 2147483647;
			files = (
				9DA89E3A1964083F00C07E5E /* SystemConfiguration.framework in Frameworks */,
				9DA89E381964083500C07E5E /* libz.dylib in Frameworks */,
				9DA89E361964082500C07E5E /* CFNetwork.framework in Frameworks */,
				9DA89E341964082000C07E5E /* MobileCoreServices.framework in Frameworks */,
				9DA89E321964081300C07E5E /* Security.framework in Frameworks */,
				9DA89E301964080B00C07E5E /* QuartzCore.framework in Frameworks */,
				9DA89E2E1964080200C07E5E /* CoreText.framework in Frameworks */,
				9DA89D9B196405F400C07E5E /* CoreGraphics.framework in Frameworks */,
				9DA89D9D196405F400C07E5E /* UIKit.framework in Frameworks */,
				9DA89D99196405F400C07E5E /* Foundation.framework in Frameworks */,
			);
			runOnlyForDeploymentPostprocessing = 0;
		};
		9DA89DAD196405F400C07E5E /* Frameworks */ = {
			isa = PBXFrameworksBuildPhase;
			buildActionMask = 2147483647;
			files = (
				9DA89DB2196405F400C07E5E /* XCTest.framework in Frameworks */,
				9DA89DB4196405F400C07E5E /* UIKit.framework in Frameworks */,
				9DA89DB3196405F400C07E5E /* Foundation.framework in Frameworks */,
			);
			runOnlyForDeploymentPostprocessing = 0;
		};
/* End PBXFrameworksBuildPhase section */

/* Begin PBXGroup section */
		9DA89D8C196405F400C07E5E = {
			isa = PBXGroup;
			children = (
				9DA89DE71964062500C07E5E /* classes */,
				9DA89DC71964060F00C07E5E /* calendar_cancel.png */,
				9DA89DC81964060F00C07E5E /* DownAccessory@2x.png */,
				9DA89DC91964060F00C07E5E /* DownAccessory.png */,
				9DA89DCA1964060F00C07E5E /* UpAccessory@2x.png */,
				9DA89DCB1964060F00C07E5E /* UpAccessory.png */,
				9DA89DCC1964060F00C07E5E /* background.png */,
				9DA89D9E196405F400C07E5E /* Unitee */,
				9DA89DB7196405F400C07E5E /* UniteeTests */,
				9DA89D97196405F400C07E5E /* Frameworks */,
				9DA89D96196405F400C07E5E /* Products */,
			);
			sourceTree = "<group>";
		};
		9DA89D96196405F400C07E5E /* Products */ = {
			isa = PBXGroup;
			children = (
				9DA89D95196405F400C07E5E /* Unitee.app */,
				9DA89DB0196405F400C07E5E /* UniteeTests.xctest */,
			);
			name = Products;
			sourceTree = "<group>";
		};
		9DA89D97196405F400C07E5E /* Frameworks */ = {
			isa = PBXGroup;
			children = (
				9DA89E391964083F00C07E5E /* SystemConfiguration.framework */,
				9DA89E371964083500C07E5E /* libz.dylib */,
				9DA89E351964082500C07E5E /* CFNetwork.framework */,
				9DA89E331964082000C07E5E /* MobileCoreServices.framework */,
				9DA89E311964081300C07E5E /* Security.framework */,
				9DA89E2F1964080B00C07E5E /* QuartzCore.framework */,
				9DA89E2D1964080200C07E5E /* CoreText.framework */,
				9DA89D98196405F400C07E5E /* Foundation.framework */,
				9DA89D9A196405F400C07E5E /* CoreGraphics.framework */,
				9DA89D9C196405F400C07E5E /* UIKit.framework */,
				9DA89DB1196405F400C07E5E /* XCTest.framework */,
			);
			name = Frameworks;
			sourceTree = "<group>";
		};
		9DA89D9E196405F400C07E5E /* Unitee */ = {
			isa = PBXGroup;
			children = (
				9DA89DA7196405F400C07E5E /* AppDelegate.h */,
				9DA89DA8196405F400C07E5E /* AppDelegate.m */,
				9DA89E1E1964070100C07E5E /* BDHClassFunction.h */,
				9DA89E1F1964070100C07E5E /* BDHClassFunction.m */,
				9DA89E201964070100C07E5E /* DemoViewController.h */,
				9DA89E211964070100C07E5E /* DemoViewController.m */,
				9DA89E221964070100C07E5E /* DefaultViewController.h */,
				9DA89E231964070100C07E5E /* DefaultViewController.m */,
				9DA89E241964070100C07E5E /* DefaultViewController.xib */,
				9DA89DAA196405F400C07E5E /* Images.xcassets */,
				9DA89D9F196405F400C07E5E /* Supporting Files */,
			);
			path = Unitee;
			sourceTree = "<group>";
		};
		9DA89D9F196405F400C07E5E /* Supporting Files */ = {
			isa = PBXGroup;
			children = (
				9DA89DA0196405F400C07E5E /* Unitee-Info.plist */,
				9DA89DA1196405F400C07E5E /* InfoPlist.strings */,
				9DA89DA4196405F400C07E5E /* main.m */,
				9DA89DA6196405F400C07E5E /* Unitee-Prefix.pch */,
			);
			name = "Supporting Files";
			sourceTree = "<group>";
		};
		9DA89DB7196405F400C07E5E /* UniteeTests */ = {
			isa = PBXGroup;
			children = (
				9DA89DBD196405F400C07E5E /* UniteeTests.m */,
				9DA89DB8196405F400C07E5E /* Supporting Files */,
			);
			path = UniteeTests;
			sourceTree = "<group>";
		};
		9DA89DB8196405F400C07E5E /* Supporting Files */ = {
			isa = PBXGroup;
			children = (
				9DA89DB9196405F400C07E5E /* UniteeTests-Info.plist */,
				9DA89DBA196405F400C07E5E /* InfoPlist.strings */,
			);
			name = "Supporting Files";
			sourceTree = "<group>";
		};
		9DA89DE71964062500C07E5E /* classes */ = {
			isa = PBXGroup;
			children = (
				9DA89E3B1964092100C07E5E /* GTMBase64 */,
				9DA89E291964074E00C07E5E /* UINavition */,
				9DA89E1A196406A500C07E5E /* ReactiveCocoa */,
				9DA89E161964068400C07E5E /* unite */,
				9DA89E121964066C00C07E5E /* city */,
				9DA89DE81964063100C07E5E /* dropDownlist */,
			);
			name = classes;
			sourceTree = "<group>";
		};
		9DA89DE81964063100C07E5E /* dropDownlist */ = {
			isa = PBXGroup;
			children = (
				9DA89DED1964064800C07E5E /* resource */,
				9DA89DE91964063900C07E5E /* DropDownListView.h */,
				9DA89DEA1964063900C07E5E /* DropDownListView.m */,
				9DA89DEB1964063900C07E5E /* DropDownChooseProtocol.h */,
			);
			name = dropDownlist;
			sourceTree = "<group>";
		};
		9DA89DED1964064800C07E5E /* resource */ = {
			isa = PBXGroup;
			children = (
				9DA89DEE1964065700C07E5E /* segment_selected_new.png */,
				9DA89DEF1964065700C07E5E /* segment_selected_new@2x.png */,
				9DA89DF01964065700C07E5E /* segment_selected-grip.png */,
				9DA89DF11964065700C07E5E /* segment_selected-grip@2x.png */,
				9DA89DF21964065700C07E5E /* segment_Unselected-grip.png */,
				9DA89DF31964065700C07E5E /* segment_Unselected-grip@2x.png */,
				9DA89DF41964065700C07E5E /* segment_left_item.png */,
				9DA89DF51964065700C07E5E /* segment_left_item@2x.png */,
				9DA89DF61964065700C07E5E /* segment_left_tag.png */,
				9DA89DF71964065700C07E5E /* segment_left_tag@2x.png */,
				9DA89DF81964065700C07E5E /* segment_middle_item.png */,
				9DA89DF91964065700C07E5E /* segment_middle_item@2x.png */,
				9DA89DFA1964065700C07E5E /* segment_right_item.png */,
				9DA89DFB1964065700C07E5E /* segment_right_item@2x.png */,
				9DA89DFC1964065700C07E5E /* segment_right_tag.png */,
				9DA89DFD1964065700C07E5E /* segment_right_tag@2x.png */,
				9DA89DFE1964065700C07E5E /* segment_selected.png */,
				9DA89DFF1964065700C07E5E /* segment_selected@2x.png */,
			);
			name = resource;
			sourceTree = "<group>";
		};
		9DA89E121964066C00C07E5E /* city */ = {
			isa = PBXGroup;
			children = (
				9DA89E131964067500C07E5E /* citydict.plist */,
				9DA89E141964067500C07E5E /* City.h */,
			);
			name = city;
			sourceTree = "<group>";
		};
		9DA89E161964068400C07E5E /* unite */ = {
			isa = PBXGroup;
			children = (
				9DA89E171964068C00C07E5E /* Unite.h */,
				9DA89E181964068C00C07E5E /* Unite.m */,
			);
			name = unite;
			sourceTree = "<group>";
		};
		9DA89E1A196406A500C07E5E /* ReactiveCocoa */ = {
			isa = PBXGroup;
			children = (
				9DA89E1B196406AD00C07E5E /* HouDataSource.h */,
				9DA89E1C196406AD00C07E5E /* HouDataSource.m */,
			);
			name = ReactiveCocoa;
			sourceTree = "<group>";
		};
		9DA89E291964074E00C07E5E /* UINavition */ = {
			isa = PBXGroup;
			children = (
				9DA89E2A1964078800C07E5E /* HSYNavigationController.h */,
				9DA89E2B1964078800C07E5E /* HSYNavigationController.m */,
			);
			name = UINavition;
			sourceTree = "<group>";
		};
		9DA89E3B1964092100C07E5E /* GTMBase64 */ = {
			isa = PBXGroup;
			children = (
				9DA89E3C1964093000C07E5E /* GTMBase64.h */,
				9DA89E3D1964093000C07E5E /* GTMBase64.m */,
				9DA89E3E1964093000C07E5E /* GTMDefines.h */,
			);
			name = GTMBase64;
			sourceTree = "<group>";
		};
/* End PBXGroup section */

/* Begin PBXNativeTarget section */
		9DA89D94196405F400C07E5E /* Unitee */ = {
			isa = PBXNativeTarget;
			buildConfigurationList = 9DA89DC1196405F400C07E5E /* Build configuration list for PBXNativeTarget "Unitee" */;
			buildPhases = (
				9DA89D91196405F400C07E5E /* Sources */,
				9DA89D92196405F400C07E5E /* Frameworks */,
				9DA89D93196405F400C07E5E /* Resources */,
			);
			buildRules = (
			);
			dependencies = (
			);
			name = Unitee;
			productName = Unitee;
			productReference = 9DA89D95196405F400C07E5E /* Unitee.app */;
			productType = "com.apple.product-type.application";
		};
		9DA89DAF196405F400C07E5E /* UniteeTests */ = {
			isa = PBXNativeTarget;
			buildConfigurationList = 9DA89DC4196405F400C07E5E /* Build configuration list for PBXNativeTarget "UniteeTests" */;
			buildPhases = (
				9DA89DAC196405F400C07E5E /* Sources */,
				9DA89DAD196405F400C07E5E /* Frameworks */,
				9DA89DAE196405F400C07E5E /* Resources */,
			);
			buildRules = (
			);
			dependencies = (
				9DA89DB6196405F400C07E5E /* PBXTargetDependency */,
			);
			name = UniteeTests;
			productName = UniteeTests;
			productReference = 9DA89DB0196405F400C07E5E /* UniteeTests.xctest */;
			productType = "com.apple.product-type.bundle.unit-test";
		};
/* End PBXNativeTarget section */

/* Begin PBXProject section */
		9DA89D8D196405F400C07E5E /* Project object */ = {
			isa = PBXProject;
			attributes = {
				LastUpgradeCheck = 0510;
				ORGANIZATIONNAME = "侯尚勇";
				TargetAttributes = {
					9DA89DAF196405F400C07E5E = {
						TestTargetID = 9DA89D94196405F400C07E5E;
					};
				};
			};
			buildConfigurationList = 9DA89D90196405F400C07E5E /* Build configuration list for PBXProject "Unitee" */;
			compatibilityVersion = "Xcode 3.2";
			developmentRegion = English;
			hasScannedForEncodings = 0;
			knownRegions = (
				en,
			);
			mainGroup = 9DA89D8C196405F400C07E5E;
			productRefGroup = 9DA89D96196405F400C07E5E /* Products */;
			projectDirPath = "";
			projectRoot = "";
			targets = (
				9DA89D94196405F400C07E5E /* Unitee */,
				9DA89DAF196405F400C07E5E /* UniteeTests */,
			);
		};
/* End PBXProject section */

/* Begin PBXResourcesBuildPhase section */
		9DA89D93196405F400C07E5E /* Resources */ = {
			isa = PBXResourcesBuildPhase;
			buildActionMask = 2147483647;
			files = (
				9DA89E281964070100C07E5E /* DefaultViewController.xib in Resources */,
				9DA89E011964065700C07E5E /* segment_selected_new@2x.png in Resources */,
				9DA89DDB1964060F00C07E5E /* DownAccessory.png in Resources */,
				9DA89E001964065700C07E5E /* segment_selected_new.png in Resources */,
				9DA89E151964067500C07E5E /* citydict.plist in Resources */,
				9DA89E021964065700C07E5E /* segment_selected-grip.png in Resources */,
				9DA89E0D1964065700C07E5E /* segment_right_item@2x.png in Resources */,
				9DA89DDE1964060F00C07E5E /* background.png in Resources */,
				9DA89E031964065700C07E5E /* segment_selected-grip@2x.png in Resources */,
				9DA89E111964065700C07E5E /* segment_selected@2x.png in Resources */,
				9DA89E071964065700C07E5E /* segment_left_item@2x.png in Resources */,
				9DA89DD91964060F00C07E5E /* calendar_cancel.png in Resources */,
				9DA89E0B1964065700C07E5E /* segment_middle_item@2x.png in Resources */,
				9DA89E0A1964065700C07E5E /* segment_middle_item.png in Resources */,
				9DA89DDA1964060F00C07E5E /* DownAccessory@2x.png in Resources */,
				9DA89E051964065700C07E5E /* segment_Unselected-grip@2x.png in Resources */,
				9DA89E101964065700C07E5E /* segment_selected.png in Resources */,
				9DA89E041964065700C07E5E /* segment_Unselected-grip.png in Resources */,
				9DA89E081964065700C07E5E /* segment_left_tag.png in Resources */,
				9DA89E091964065700C07E5E /* segment_left_tag@2x.png in Resources */,
				9DA89E0F1964065700C07E5E /* segment_right_tag@2x.png in Resources */,
				9DA89DA3196405F400C07E5E /* InfoPlist.strings in Resources */,
				9DA89DDC1964060F00C07E5E /* UpAccessory@2x.png in Resources */,
				9DA89E0C1964065700C07E5E /* segment_right_item.png in Resources */,
				9DA89E061964065700C07E5E /* segment_left_item.png in Resources */,
				9DA89DAB196405F400C07E5E /* Images.xcassets in Resources */,
				9DA89E0E1964065700C07E5E /* segment_right_tag.png in Resources */,
				9DA89DDD1964060F00C07E5E /* UpAccessory.png in Resources */,
			);
			runOnlyForDeploymentPostprocessing = 0;
		};
		9DA89DAE196405F400C07E5E /* Resources */ = {
			isa = PBXResourcesBuildPhase;
			buildActionMask = 2147483647;
			files = (
				9DA89DBC196405F400C07E5E /* InfoPlist.strings in Resources */,
			);
			runOnlyForDeploymentPostprocessing = 0;
		};
/* End PBXResourcesBuildPhase section */

/* Begin PBXSourcesBuildPhase section */
		9DA89D91196405F400C07E5E /* Sources */ = {
			isa = PBXSourcesBuildPhase;
			buildActionMask = 2147483647;
			files = (
				9DA89E40196409EA00C07E5E /* DropDownListView.m in Sources */,
				9DA89E271964070100C07E5E /* DefaultViewController.m in Sources */,
				9DA89E261964070100C07E5E /* DemoViewController.m in Sources */,
				9DA89E2C1964078800C07E5E /* HSYNavigationController.m in Sources */,
				9DA89DA9196405F400C07E5E /* AppDelegate.m in Sources */,
				9DA89E191964068C00C07E5E /* Unite.m in Sources */,
				9DA89DA5196405F400C07E5E /* main.m in Sources */,
				9DA89E3F1964093000C07E5E /* GTMBase64.m in Sources */,
				9DA89E1D196406AD00C07E5E /* HouDataSource.m in Sources */,
				9DA89E251964070100C07E5E /* BDHClassFunction.m in Sources */,
			);
			runOnlyForDeploymentPostprocessing = 0;
		};
		9DA89DAC196405F400C07E5E /* Sources */ = {
			isa = PBXSourcesBuildPhase;
			buildActionMask = 2147483647;
			files = (
				9DA89DBE196405F400C07E5E /* UniteeTests.m in Sources */,
			);
			runOnlyForDeploymentPostprocessing = 0;
		};
/* End PBXSourcesBuildPhase section */

/* Begin PBXTargetDependency section */
		9DA89DB6196405F400C07E5E /* PBXTargetDependency */ = {
			isa = PBXTargetDependency;
			target = 9DA89D94196405F400C07E5E /* Unitee */;
			targetProxy = 9DA89DB5196405F400C07E5E /* PBXContainerItemProxy */;
		};
/* End PBXTargetDependency section */

/* Begin PBXVariantGroup section */
		9DA89DA1196405F400C07E5E /* InfoPlist.strings */ = {
			isa = PBXVariantGroup;
			children = (
				9DA89DA2196405F400C07E5E /* en */,
			);
			name = InfoPlist.strings;
			sourceTree = "<group>";
		};
		9DA89DBA196405F400C07E5E /* InfoPlist.strings */ = {
			isa = PBXVariantGroup;
			children = (
				9DA89DBB196405F400C07E5E /* en */,
			);
			name = InfoPlist.strings;
			sourceTree = "<group>";
		};
/* End PBXVariantGroup section */

/* Begin XCBuildConfiguration section */
		9DA89DBF196405F400C07E5E /* Debug */ = {
			isa = XCBuildConfiguration;
			buildSettings = {
				ALWAYS_SEARCH_USER_PATHS = NO;
				CLANG_CXX_LANGUAGE_STANDARD = "gnu++0x";
				CLANG_CXX_LIBRARY = "libc++";
				CLANG_ENABLE_MODULES = YES;
				CLANG_ENABLE_OBJC_ARC = YES;
				CLANG_WARN_BOOL_CONVERSION = YES;
				CLANG_WARN_CONSTANT_CONVERSION = YES;
				CLANG_WARN_DIRECT_OBJC_ISA_USAGE = YES_ERROR;
				CLANG_WARN_EMPTY_BODY = YES;
				CLANG_WARN_ENUM_CONVERSION = YES;
				CLANG_WARN_INT_CONVERSION = YES;
				CLANG_WARN_OBJC_ROOT_CLASS = YES_ERROR;
				CLANG_WARN__DUPLICATE_METHOD_MATCH = YES;
				"CODE_SIGN_IDENTITY[sdk=iphoneos*]" = "iPhone Developer";
				COPY_PHASE_STRIP = NO;
				GCC_C_LANGUAGE_STANDARD = gnu99;
				GCC_DYNAMIC_NO_PIC = NO;
				GCC_OPTIMIZATION_LEVEL = 0;
				GCC_PREPROCESSOR_DEFINITIONS = (
					"DEBUG=1",
					"$(inherited)",
				);
				GCC_SYMBOLS_PRIVATE_EXTERN = NO;
				GCC_WARN_64_TO_32_BIT_CONVERSION = YES;
				GCC_WARN_ABOUT_RETURN_TYPE = YES_ERROR;
				GCC_WARN_UNDECLARED_SELECTOR = YES;
				GCC_WARN_UNINITIALIZED_AUTOS = YES_AGGRESSIVE;
				GCC_WARN_UNUSED_FUNCTION = YES;
				GCC_WARN_UNUSED_VARIABLE = YES;
				IPHONEOS_DEPLOYMENT_TARGET = 7.1;
				ONLY_ACTIVE_ARCH = YES;
				SDKROOT = iphoneos;
			};
			name = Debug;
		};
		9DA89DC0196405F400C07E5E /* Release */ = {
			isa = XCBuildConfiguration;
			buildSettings = {
				ALWAYS_SEARCH_USER_PATHS = NO;
				CLANG_CXX_LANGUAGE_STANDARD = "gnu++0x";
				CLANG_CXX_LIBRARY = "libc++";
				CLANG_ENABLE_MODULES = YES;
				CLANG_ENABLE_OBJC_ARC = YES;
				CLANG_WARN_BOOL_CONVERSION = YES;
				CLANG_WARN_CONSTANT_CONVERSION = YES;
				CLANG_WARN_DIRECT_OBJC_ISA_USAGE = YES_ERROR;
				CLANG_WARN_EMPTY_BODY = YES;
				CLANG_WARN_ENUM_CONVERSION = YES;
				CLANG_WARN_INT_CONVERSION = YES;
				CLANG_WARN_OBJC_ROOT_CLASS = YES_ERROR;
				CLANG_WARN__DUPLICATE_METHOD_MATCH = YES;
				"CODE_SIGN_IDENTITY[sdk=iphoneos*]" = "iPhone Developer";
				COPY_PHASE_STRIP = YES;
				ENABLE_NS_ASSERTIONS = NO;
				GCC_C_LANGUAGE_STANDARD = gnu99;
				GCC_WARN_64_TO_32_BIT_CONVERSION = YES;
				GCC_WARN_ABOUT_RETURN_TYPE = YES_ERROR;
				GCC_WARN_UNDECLARED_SELECTOR = YES;
				GCC_WARN_UNINITIALIZED_AUTOS = YES_AGGRESSIVE;
				GCC_WARN_UNUSED_FUNCTION = YES;
				GCC_WARN_UNUSED_VARIABLE = YES;
				IPHONEOS_DEPLOYMENT_TARGET = 7.1;
				SDKROOT = iphoneos;
				VALIDATE_PRODUCT = YES;
			};
			name = Release;
		};
		9DA89DC2196405F400C07E5E /* Debug */ = {
			isa = XCBuildConfiguration;
			buildSettings = {
				ASSETCATALOG_COMPILER_APPICON_NAME = AppIcon;
				ASSETCATALOG_COMPILER_LAUNCHIMAGE_NAME = LaunchImage;
				GCC_PRECOMPILE_PREFIX_HEADER = YES;
				GCC_PREFIX_HEADER = "Unitee/Unitee-Prefix.pch";
				INFOPLIST_FILE = "Unitee/Unitee-Info.plist";
				IPHONEOS_DEPLOYMENT_TARGET = 6.0;
				PRODUCT_NAME = "$(TARGET_NAME)";
				WRAPPER_EXTENSION = app;
			};
			name = Debug;
		};
		9DA89DC3196405F400C07E5E /* Release */ = {
			isa = XCBuildConfiguration;
			buildSettings = {
				ASSETCATALOG_COMPILER_APPICON_NAME = AppIcon;
				ASSETCATALOG_COMPILER_LAUNCHIMAGE_NAME = LaunchImage;
				GCC_PRECOMPILE_PREFIX_HEADER = YES;
				GCC_PREFIX_HEADER = "Unitee/Unitee-Prefix.pch";
				INFOPLIST_FILE = "Unitee/Unitee-Info.plist";
				IPHONEOS_DEPLOYMENT_TARGET = 6.0;
				PRODUCT_NAME = "$(TARGET_NAME)";
				WRAPPER_EXTENSION = app;
			};
			name = Release;
		};
		9DA89DC5196405F400C07E5E /* Debug */ = {
			isa = XCBuildConfiguration;
			buildSettings = {
				BUNDLE_LOADER = "$(BUILT_PRODUCTS_DIR)/Unitee.app/Unitee";
				FRAMEWORK_SEARCH_PATHS = (
					"$(SDKROOT)/Developer/Library/Frameworks",
					"$(inherited)",
					"$(DEVELOPER_FRAMEWORKS_DIR)",
				);
				GCC_PRECOMPILE_PREFIX_HEADER = YES;
				GCC_PREFIX_HEADER = "Unitee/Unitee-Prefix.pch";
				GCC_PREPROCESSOR_DEFINITIONS = (
					"DEBUG=1",
					"$(inherited)",
				);
				INFOPLIST_FILE = "UniteeTests/UniteeTests-Info.plist";
				PRODUCT_NAME = "$(TARGET_NAME)";
				TEST_HOST = "$(BUNDLE_LOADER)";
				WRAPPER_EXTENSION = xctest;
			};
			name = Debug;
		};
		9DA89DC6196405F400C07E5E /* Release */ = {
			isa = XCBuildConfiguration;
			buildSettings = {
				BUNDLE_LOADER = "$(BUILT_PRODUCTS_DIR)/Unitee.app/Unitee";
				FRAMEWORK_SEARCH_PATHS = (
					"$(SDKROOT)/Developer/Library/Frameworks",
					"$(inherited)",
					"$(DEVELOPER_FRAMEWORKS_DIR)",
				);
				GCC_PRECOMPILE_PREFIX_HEADER = YES;
				GCC_PREFIX_HEADER = "Unitee/Unitee-Prefix.pch";
				INFOPLIST_FILE = "UniteeTests/UniteeTests-Info.plist";
				PRODUCT_NAME = "$(TARGET_NAME)";
				TEST_HOST = "$(BUNDLE_LOADER)";
				WRAPPER_EXTENSION = xctest;
			};
			name = Release;
		};
/* End XCBuildConfiguration section */

/* Begin XCConfigurationList section */
		9DA89D90196405F400C07E5E /* Build configuration list for PBXProject "Unitee" */ = {
			isa = XCConfigurationList;
			buildConfigurations = (
				9DA89DBF196405F400C07E5E /* Debug */,
				9DA89DC0196405F400C07E5E /* Release */,
			);
			defaultConfigurationIsVisible = 0;
			defaultConfigurationName = Release;
		};
		9DA89DC1196405F400C07E5E /* Build configuration list for PBXNativeTarget "Unitee" */ = {
			isa = XCConfigurationList;
			buildConfigurations = (
				9DA89DC2196405F400C07E5E /* Debug */,
				9DA89DC3196405F400C07E5E /* Release */,
			);
			defaultConfigurationIsVisible = 0;
		};
		9DA89DC4196405F400C07E5E /* Build configuration list for PBXNativeTarget "UniteeTests" */ = {
			isa = XCConfigurationList;
			buildConfigurations = (
				9DA89DC5196405F400C07E5E /* Debug */,
				9DA89DC6196405F400C07E5E /* Release */,
			);
			defaultConfigurationIsVisible = 0;
		};
/* End XCConfigurationList section */
	};
	rootObject = 9DA89D8D196405F400C07E5E /* Project object */;
}
